// !$*UTF8*$!
{
	archiveVersion = 1;
	classes = {
	};
	objectVersion = 51;
	objects = {

/* Begin PBXBuildFile section */
		483193BD2304E7CA00603DA9 /* AppDelegate.swift in Sources */ = {isa = PBXBuildFile; fileRef = 483193BC2304E7CA00603DA9 /* AppDelegate.swift */; };
		483193C22304E7CA00603DA9 /* Main.storyboard in Resources */ = {isa = PBXBuildFile; fileRef = 483193C02304E7CA00603DA9 /* Main.storyboard */; };
		483193C42304E7CB00603DA9 /* Assets.xcassets in Resources */ = {isa = PBXBuildFile; fileRef = 483193C32304E7CB00603DA9 /* Assets.xcassets */; };
		483193C72304E7CB00603DA9 /* LaunchScreen.storyboard in Resources */ = {isa = PBXBuildFile; fileRef = 483193C52304E7CB00603DA9 /* LaunchScreen.storyboard */; };
		483193CF2304E8BE00603DA9 /* GoogleService-Info.plist in Resources */ = {isa = PBXBuildFile; fileRef = 483193CE2304E8BE00603DA9 /* GoogleService-Info.plist */; };
		483193D32304EBEE00603DA9 /* Message.swift in Sources */ = {isa = PBXBuildFile; fileRef = 483193D22304EBEE00603DA9 /* Message.swift */; };
		483193D52304EC0300603DA9 /* ChatUser.swift in Sources */ = {isa = PBXBuildFile; fileRef = 483193D42304EC0300603DA9 /* ChatUser.swift */; };
		483193D72304EC2F00603DA9 /* LoginViewController.swift in Sources */ = {isa = PBXBuildFile; fileRef = 483193D62304EC2F00603DA9 /* LoginViewController.swift */; };
		483193D92304EC4A00603DA9 /* ChatViewController.swift in Sources */ = {isa = PBXBuildFile; fileRef = 483193D82304EC4A00603DA9 /* ChatViewController.swift */; };
		A57CD04B8FDDCAA15FA69BA8 /* Pods_NexSeedChat.framework in Frameworks */ = {isa = PBXBuildFile; fileRef = 739434CDF0236D724EBFB901 /* Pods_NexSeedChat.framework */; };
/* End PBXBuildFile section */

/* Begin PBXFileReference section */
		098C79E443B8625D5B658647 /* Pods-NexSeedChat.debug.xcconfig */ = {isa = PBXFileReference; includeInIndex = 1; lastKnownFileType = text.xcconfig; name = "Pods-NexSeedChat.debug.xcconfig"; path = "Target Support Files/Pods-NexSeedChat/Pods-NexSeedChat.debug.xcconfig"; sourceTree = "<group>"; };
		483193B92304E7CA00603DA9 /* NexSeedChat.app */ = {isa = PBXFileReference; explicitFileType = wrapper.application; includeInIndex = 0; path = NexSeedChat.app; sourceTree = BUILT_PRODUCTS_DIR; };
		483193BC2304E7CA00603DA9 /* AppDelegate.swift */ = {isa = PBXFileReference; lastKnownFileType = sourcecode.swift; path = AppDelegate.swift; sourceTree = "<group>"; };
		483193C12304E7CA00603DA9 /* Base */ = {isa = PBXFileReference; lastKnownFileType = file.storyboard; name = Base; path = Base.lproj/Main.storyboard; sourceTree = "<group>"; };
		483193C32304E7CB00603DA9 /* Assets.xcassets */ = {isa = PBXFileReference; lastKnownFileType = folder.assetcatalog; path = Assets.xcassets; sourceTree = "<group>"; };
		483193C62304E7CB00603DA9 /* Base */ = {isa = PBXFileReference; lastKnownFileType = file.storyboard; name = Base; path = Base.lproj/LaunchScreen.storyboard; sourceTree = "<group>"; };
		483193C82304E7CB00603DA9 /* Info.plist */ = {isa = PBXFileReference; lastKnownFileType = text.plist.xml; path = Info.plist; sourceTree = "<group>"; };
		483193CE2304E8BE00603DA9 /* GoogleService-Info.plist */ = {isa = PBXFileReference; fileEncoding = 4; lastKnownFileType = text.plist.xml; path = "GoogleService-Info.plist"; sourceTree = "<group>"; };
		483193D22304EBEE00603DA9 /* Message.swift */ = {isa = PBXFileReference; lastKnownFileType = sourcecode.swift; path = Message.swift; sourceTree = "<group>"; };
		483193D42304EC0300603DA9 /* ChatUser.swift */ = {isa = PBXFileReference; lastKnownFileType = sourcecode.swift; path = ChatUser.swift; sourceTree = "<group>"; };
		483193D62304EC2F00603DA9 /* LoginViewController.swift */ = {isa = PBXFileReference; lastKnownFileType = sourcecode.swift; path = LoginViewController.swift; sourceTree = "<group>"; };
		483193D82304EC4A00603DA9 /* ChatViewController.swift */ = {isa = PBXFileReference; lastKnownFileType = sourcecode.swift; path = ChatViewController.swift; sourceTree = "<group>"; };
		739434CDF0236D724EBFB901 /* Pods_NexSeedChat.framework */ = {isa = PBXFileReference; explicitFileType = wrapper.framework; includeInIndex = 0; path = Pods_NexSeedChat.framework; sourceTree = BUILT_PRODUCTS_DIR; };
		AA932E888AA0D6CD43782904 /* Pods-NexSeedChat.release.xcconfig */ = {isa = PBXFileReference; includeInIndex = 1; lastKnownFileType = text.xcconfig; name = "Pods-NexSeedChat.release.xcconfig"; path = "Target Support Files/Pods-NexSeedChat/Pods-NexSeedChat.release.xcconfig"; sourceTree = "<group>"; };
/* End PBXFileReference section */

/* Begin PBXFrameworksBuildPhase section */
		483193B62304E7CA00603DA9 /* Frameworks */ = {
			isa = PBXFrameworksBuildPhase;
			buildActionMask = 2147483647;
			files = (
				A57CD04B8FDDCAA15FA69BA8 /* Pods_NexSeedChat.framework in Frameworks */,
			);
			runOnlyForDeploymentPostprocessing = 0;
		};
/* End PBXFrameworksBuildPhase section */

/* Begin PBXGroup section */
		106DF476342BF42F6F905435 /* Frameworks */ = {
			isa = PBXGroup;
			children = (
				739434CDF0236D724EBFB901 /* Pods_NexSeedChat.framework */,
			);
			name = Frameworks;
			sourceTree = "<group>";
		};
		483193B02304E7CA00603DA9 = {
			isa = PBXGroup;
			children = (
				483193BB2304E7CA00603DA9 /* NexSeedChat */,
				483193BA2304E7CA00603DA9 /* Products */,
				6254B15AF137B39EE303F347 /* Pods */,
				106DF476342BF42F6F905435 /* Frameworks */,
			);
			sourceTree = "<group>";
		};
		483193BA2304E7CA00603DA9 /* Products */ = {
			isa = PBXGroup;
			children = (
				483193B92304E7CA00603DA9 /* NexSeedChat.app */,
			);
			name = Products;
			sourceTree = "<group>";
		};
		483193BB2304E7CA00603DA9 /* NexSeedChat */ = {
			isa = PBXGroup;
			children = (
				483193D12304EB9A00603DA9 /* Objects */,
				483193D02304EB7D00603DA9 /* Controllers */,
				483193BC2304E7CA00603DA9 /* AppDelegate.swift */,
				483193C02304E7CA00603DA9 /* Main.storyboard */,
				483193C32304E7CB00603DA9 /* Assets.xcassets */,
				483193C52304E7CB00603DA9 /* LaunchScreen.storyboard */,
				483193C82304E7CB00603DA9 /* Info.plist */,
				483193CE2304E8BE00603DA9 /* GoogleService-Info.plist */,
			);
			path = NexSeedChat;
			sourceTree = "<group>";
		};
		483193D02304EB7D00603DA9 /* Controllers */ = {
			isa = PBXGroup;
			children = (
				483193D62304EC2F00603DA9 /* LoginViewController.swift */,
				483193D82304EC4A00603DA9 /* ChatViewController.swift */,
			);
			path = Controllers;
			sourceTree = "<group>";
		};
		483193D12304EB9A00603DA9 /* Objects */ = {
			isa = PBXGroup;
			children = (
				483193D22304EBEE00603DA9 /* Message.swift */,
				483193D42304EC0300603DA9 /* ChatUser.swift */,
			);
			path = Objects;
			sourceTree = "<group>";
		};
		6254B15AF137B39EE303F347 /* Pods */ = {
			isa = PBXGroup;
			children = (
				098C79E443B8625D5B658647 /* Pods-NexSeedChat.debug.xcconfig */,
				AA932E888AA0D6CD43782904 /* Pods-NexSeedChat.release.xcconfig */,
			);
			path = Pods;
			sourceTree = "<group>";
		};
/* End PBXGroup section */

/* Begin PBXNativeTarget section */
		483193B82304E7CA00603DA9 /* NexSeedChat */ = {
			isa = PBXNativeTarget;
			buildConfigurationList = 483193CB2304E7CB00603DA9 /* Build configuration list for PBXNativeTarget "NexSeedChat" */;
			buildPhases = (
				8C48CC2A8FD46AE2022D6D29 /* [CP] Check Pods Manifest.lock */,
				483193B52304E7CA00603DA9 /* Sources */,
				483193B62304E7CA00603DA9 /* Frameworks */,
				483193B72304E7CA00603DA9 /* Resources */,
				42A2C9B8B6D5E2631C404272 /* [CP] Embed Pods Frameworks */,
				1D7ECB38FCC1D3C41BB31CFA /* [CP] Copy Pods Resources */,
			);
			buildRules = (
			);
			dependencies = (
			);
			name = NexSeedChat;
			productName = NexSeedChat;
			productReference = 483193B92304E7CA00603DA9 /* NexSeedChat.app */;
			productType = "com.apple.product-type.application";
		};
/* End PBXNativeTarget section */

/* Begin PBXProject section */
		483193B12304E7CA00603DA9 /* Project object */ = {
			isa = PBXProject;
			attributes = {
				LastSwiftUpdateCheck = 1030;
				LastUpgradeCheck = 1030;
				ORGANIZATIONNAME = "堀川浩二";
				TargetAttributes = {
					483193B82304E7CA00603DA9 = {
						CreatedOnToolsVersion = 10.3;
					};
				};
			};
			buildConfigurationList = 483193B42304E7CA00603DA9 /* Build configuration list for PBXProject "NexSeedChat" */;
			compatibilityVersion = "Xcode 9.3";
			developmentRegion = en;
			hasScannedForEncodings = 0;
			knownRegions = (
				en,
				Base,
			);
			mainGroup = 483193B02304E7CA00603DA9;
			productRefGroup = 483193BA2304E7CA00603DA9 /* Products */;
			projectDirPath = "";
			projectRoot = "";
			targets = (
				483193B82304E7CA00603DA9 /* NexSeedChat */,
			);
		};
/* End PBXProject section */

/* Begin PBXResourcesBuildPhase section */
		483193B72304E7CA00603DA9 /* Resources */ = {
			isa = PBXResourcesBuildPhase;
			buildActionMask = 2147483647;
			files = (
				483193C72304E7CB00603DA9 /* LaunchScreen.storyboard in Resources */,
				483193CF2304E8BE00603DA9 /* GoogleService-Info.plist in Resources */,
				483193C42304E7CB00603DA9 /* Assets.xcassets in Resources */,
				483193C22304E7CA00603DA9 /* Main.storyboard in Resources */,
			);
			runOnlyForDeploymentPostprocessing = 0;
		};
/* End PBXResourcesBuildPhase section */

/* Begin PBXShellScriptBuildPhase section */
		1D7ECB38FCC1D3C41BB31CFA /* [CP] Copy Pods Resources */ = {
			isa = PBXShellScriptBuildPhase;
			buildActionMask = 2147483647;
			files = (
			);
			inputFileListPaths = (
				"${PODS_ROOT}/Target Support Files/Pods-NexSeedChat/Pods-NexSeedChat-resources-${CONFIGURATION}-input-files.xcfilelist",
			);
			name = "[CP] Copy Pods Resources";
			outputFileListPaths = (
				"${PODS_ROOT}/Target Support Files/Pods-NexSeedChat/Pods-NexSeedChat-resources-${CONFIGURATION}-output-files.xcfilelist",
			);
			runOnlyForDeploymentPostprocessing = 0;
			shellPath = /bin/sh;
			shellScript = "\"${PODS_ROOT}/Target Support Files/Pods-NexSeedChat/Pods-NexSeedChat-resources.sh\"\n";
			showEnvVarsInLog = 0;
		};
		42A2C9B8B6D5E2631C404272 /* [CP] Embed Pods Frameworks */ = {
			isa = PBXShellScriptBuildPhase;
			buildActionMask = 2147483647;
			files = (
			);
			inputFileListPaths = (
				"${PODS_ROOT}/Target Support Files/Pods-NexSeedChat/Pods-NexSeedChat-frameworks-${CONFIGURATION}-input-files.xcfilelist",
			);
			name = "[CP] Embed Pods Frameworks";
			outputFileListPaths = (
				"${PODS_ROOT}/Target Support Files/Pods-NexSeedChat/Pods-NexSeedChat-frameworks-${CONFIGURATION}-output-files.xcfilelist",
			);
			runOnlyForDeploymentPostprocessing = 0;
			shellPath = /bin/sh;
			shellScript = "\"${PODS_ROOT}/Target Support Files/Pods-NexSeedChat/Pods-NexSeedChat-frameworks.sh\"\n";
			showEnvVarsInLog = 0;
		};
		8C48CC2A8FD46AE2022D6D29 /* [CP] Check Pods Manifest.lock */ = {
			isa = PBXShellScriptBuildPhase;
			buildActionMask = 2147483647;
			files = (
			);
			inputFileListPaths = (
			);
			inputPaths = (
				"${PODS_PODFILE_DIR_PATH}/Podfile.lock",
				"${PODS_ROOT}/Manifest.lock",
			);
			name = "[CP] Check Pods Manifest.lock";
			outputFileListPaths = (
			);
			outputPaths = (
				"$(DERIVED_FILE_DIR)/Pods-NexSeedChat-checkManifestLockResult.txt",
			);
			runOnlyForDeploymentPostprocessing = 0;
			shellPath = /bin/sh;
			shellScript = "diff \"${PODS_PODFILE_DIR_PATH}/Podfile.lock\" \"${PODS_ROOT}/Manifest.lock\" > /dev/null\nif [ $? != 0 ] ; then\n    # print error to STDERR\n    echo \"error: The sandbox is not in sync with the Podfile.lock. Run 'pod install' or update your CocoaPods installation.\" >&2\n    exit 1\nfi\n# This output is used by Xcode 'outputs' to avoid re-running this script phase.\necho \"SUCCESS\" > \"${SCRIPT_OUTPUT_FILE_0}\"\n";
			showEnvVarsInLog = 0;
		};
/* End PBXShellScriptBuildPhase section */

/* Begin PBXSourcesBuildPhase section */
		483193B52304E7CA00603DA9 /* Sources */ = {
			isa = PBXSourcesBuildPhase;
			buildActionMask = 2147483647;
			files = (
				483193D72304EC2F00603DA9 /* LoginViewController.swift in Sources */,
				483193D52304EC0300603DA9 /* ChatUser.swift in Sources */,
				483193BD2304E7CA00603DA9 /* AppDelegate.swift in Sources */,
				483193D92304EC4A00603DA9 /* ChatViewController.swift in Sources */,
				483193D32304EBEE00603DA9 /* Message.swift in Sources */,
			);
			runOnlyForDeploymentPostprocessing = 0;
		};
/* End PBXSourcesBuildPhase section */

/* Begin PBXVariantGroup section */
		483193C02304E7CA00603DA9 /* Main.storyboard */ = {
			isa = PBXVariantGroup;
			children = (
				483193C12304E7CA00603DA9 /* Base */,
			);
			name = Main.storyboard;
			sourceTree = "<group>";
		};
		483193C52304E7CB00603DA9 /* LaunchScreen.storyboard */ = {
			isa = PBXVariantGroup;
			children = (
				483193C62304E7CB00603DA9 /* Base */,
			);
			name = LaunchScreen.storyboard;
			sourceTree = "<group>";
		};
/* End PBXVariantGroup section */

/* Begin XCBuildConfiguration section */
		483193C92304E7CB00603DA9 /* Debug */ = {
			isa = XCBuildConfiguration;
			buildSettings = {
				ALWAYS_SEARCH_USER_PATHS = NO;
				CLANG_ANALYZER_NONNULL = YES;
				CLANG_ANALYZER_NUMBER_OBJECT_CONVERSION = YES_AGGRESSIVE;
				CLANG_CXX_LANGUAGE_STANDARD = "gnu++14";
				CLANG_CXX_LIBRARY = "libc++";
				CLANG_ENABLE_MODULES = YES;
				CLANG_ENABLE_OBJC_ARC = YES;
				CLANG_ENABLE_OBJC_WEAK = YES;
				CLANG_WARN_BLOCK_CAPTURE_AUTORELEASING = YES;
				CLANG_WARN_BOOL_CONVERSION = YES;
				CLANG_WARN_COMMA = YES;
				CLANG_WARN_CONSTANT_CONVERSION = YES;
				CLANG_WARN_DEPRECATED_OBJC_IMPLEMENTATIONS = YES;
				CLANG_WARN_DIRECT_OBJC_ISA_USAGE = YES_ERROR;
				CLANG_WARN_DOCUMENTATION_COMMENTS = YES;
				CLANG_WARN_EMPTY_BODY = YES;
				CLANG_WARN_ENUM_CONVERSION = YES;
				CLANG_WARN_INFINITE_RECURSION = YES;
				CLANG_WARN_INT_CONVERSION = YES;
				CLANG_WARN_NON_LITERAL_NULL_CONVERSION = YES;
				CLANG_WARN_OBJC_IMPLICIT_RETAIN_SELF = YES;
				CLANG_WARN_OBJC_LITERAL_CONVERSION = YES;
				CLANG_WARN_OBJC_ROOT_CLASS = YES_ERROR;
				CLANG_WARN_RANGE_LOOP_ANALYSIS = YES;
				CLANG_WARN_STRICT_PROTOTYPES = YES;
				CLANG_WARN_SUSPICIOUS_MOVE = YES;
				CLANG_WARN_UNGUARDED_AVAILABILITY = YES_AGGRESSIVE;
				CLANG_WARN_UNREACHABLE_CODE = YES;
				CLANG_WARN__DUPLICATE_METHOD_MATCH = YES;
				CODE_SIGN_IDENTITY = "iPhone Developer";
				COPY_PHASE_STRIP = NO;
				DEBUG_INFORMATION_FORMAT = dwarf;
				ENABLE_STRICT_OBJC_MSGSEND = YES;
				ENABLE_TESTABILITY = YES;
				GCC_C_LANGUAGE_STANDARD = gnu11;
				GCC_DYNAMIC_NO_PIC = NO;
				GCC_NO_COMMON_BLOCKS = YES;
				GCC_OPTIMIZATION_LEVEL = 0;
				GCC_PREPROCESSOR_DEFINITIONS = (
					"DEBUG=1",
					"$(inherited)",
				);
				GCC_WARN_64_TO_32_BIT_CONVERSION = YES;
				GCC_WARN_ABOUT_RETURN_TYPE = YES_ERROR;
				GCC_WARN_UNDECLARED_SELECTOR = YES;
				GCC_WARN_UNINITIALIZED_AUTOS = YES_AGGRESSIVE;
				GCC_WARN_UNUSED_FUNCTION = YES;
				GCC_WARN_UNUSED_VARIABLE = YES;
				IPHONEOS_DEPLOYMENT_TARGET = 12.4;
				MTL_ENABLE_DEBUG_INFO = INCLUDE_SOURCE;
				MTL_FAST_MATH = YES;
				ONLY_ACTIVE_ARCH = YES;
				SDKROOT = iphoneos;
				SWIFT_ACTIVE_COMPILATION_CONDITIONS = DEBUG;
				SWIFT_OPTIMIZATION_LEVEL = "-Onone";
			};
			name = Debug;
		};
		483193CA2304E7CB00603DA9 /* Release */ = {
			isa = XCBuildConfiguration;
			buildSettings = {
				ALWAYS_SEARCH_USER_PATHS = NO;
				CLANG_ANALYZER_NONNULL = YES;
				CLANG_ANALYZER_NUMBER_OBJECT_CONVERSION = YES_AGGRESSIVE;
				CLANG_CXX_LANGUAGE_STANDARD = "gnu++14";
				CLANG_CXX_LIBRARY = "libc++";
				CLANG_ENABLE_MODULES = YES;
				CLANG_ENABLE_OBJC_ARC = YES;
				CLANG_ENABLE_OBJC_WEAK = YES;
				CLANG_WARN_BLOCK_CAPTURE_AUTORELEASING = YES;
				CLANG_WARN_BOOL_CONVERSION = YES;
				CLANG_WARN_COMMA = YES;
				CLANG_WARN_CONSTANT_CONVERSION = YES;
				CLANG_WARN_DEPRECATED_OBJC_IMPLEMENTATIONS = YES;
				CLANG_WARN_DIRECT_OBJC_ISA_USAGE = YES_ERROR;
				CLANG_WARN_DOCUMENTATION_COMMENTS = YES;
				CLANG_WARN_EMPTY_BODY = YES;
				CLANG_WARN_ENUM_CONVERSION = YES;
				CLANG_WARN_INFINITE_RECURSION = YES;
				CLANG_WARN_INT_CONVERSION = YES;
				CLANG_WARN_NON_LITERAL_NULL_CONVERSION = YES;
				CLANG_WARN_OBJC_IMPLICIT_RETAIN_SELF = YES;
				CLANG_WARN_OBJC_LITERAL_CONVERSION = YES;
				CLANG_WARN_OBJC_ROOT_CLASS = YES_ERROR;
				CLANG_WARN_RANGE_LOOP_ANALYSIS = YES;
				CLANG_WARN_STRICT_PROTOTYPES = YES;
				CLANG_WARN_SUSPICIOUS_MOVE = YES;
				CLANG_WARN_UNGUARDED_AVAILABILITY = YES_AGGRESSIVE;
				CLANG_WARN_UNREACHABLE_CODE = YES;
				CLANG_WARN__DUPLICATE_METHOD_MATCH = YES;
				CODE_SIGN_IDENTITY = "iPhone Developer";
				COPY_PHASE_STRIP = NO;
				DEBUG_INFORMATION_FORMAT = "dwarf-with-dsym";
				ENABLE_NS_ASSERTIONS = NO;
				ENABLE_STRICT_OBJC_MSGSEND = YES;
				GCC_C_LANGUAGE_STANDARD = gnu11;
				GCC_NO_COMMON_BLOCKS = YES;
				GCC_WARN_64_TO_32_BIT_CONVERSION = YES;
				GCC_WARN_ABOUT_RETURN_TYPE = YES_ERROR;
				GCC_WARN_UNDECLARED_SELECTOR = YES;
				GCC_WARN_UNINITIALIZED_AUTOS = YES_AGGRESSIVE;
				GCC_WARN_UNUSED_FUNCTION = YES;
				GCC_WARN_UNUSED_VARIABLE = YES;
				IPHONEOS_DEPLOYMENT_TARGET = 12.4;
				MTL_ENABLE_DEBUG_INFO = NO;
				MTL_FAST_MATH = YES;
				SDKROOT = iphoneos;
				SWIFT_COMPILATION_MODE = wholemodule;
				SWIFT_OPTIMIZATION_LEVEL = "-O";
				VALIDATE_PRODUCT = YES;
			};
			name = Release;
		};
		483193CC2304E7CB00603DA9 /* Debug */ = {
			isa = XCBuildConfiguration;
			baseConfigurationReference = 098C79E443B8625D5B658647 /* Pods-NexSeedChat.debug.xcconfig */;
			buildSettings = {
				ASSETCATALOG_COMPILER_APPICON_NAME = AppIcon;
				CODE_SIGN_STYLE = Automatic;
				DEVELOPMENT_TEAM = UP973592FU;
				INFOPLIST_FILE = NexSeedChat/Info.plist;
				LD_RUNPATH_SEARCH_PATHS = (
					"$(inherited)",
					"@executable_path/Frameworks",
				);
				PRODUCT_BUNDLE_IDENTIFIER = jp.kuchuan.NexSeedChat;
				PRODUCT_NAME = "$(TARGET_NAME)";
				SWIFT_VERSION = 5.0;
				TARGETED_DEVICE_FAMILY = "1,2";
			};
			name = Debug;
		};
		483193CD2304E7CB00603DA9 /* Release */ = {
			isa = XCBuildConfiguration;
			baseConfigurationReference = AA932E888AA0D6CD43782904 /* Pods-NexSeedChat.release.xcconfig */;
			buildSettings = {
				ASSETCATALOG_COMPILER_APPICON_NAME = AppIcon;
				CODE_SIGN_STYLE = Automatic;
				DEVELOPMENT_TEAM = UP973592FU;
				INFOPLIST_FILE = NexSeedChat/Info.plist;
				LD_RUNPATH_SEARCH_PATHS = (
					"$(inherited)",
					"@executable_path/Frameworks",
				);
				PRODUCT_BUNDLE_IDENTIFIER = jp.kuchuan.NexSeedChat;
				PRODUCT_NAME = "$(TARGET_NAME)";
				SWIFT_VERSION = 5.0;
				TARGETED_DEVICE_FAMILY = "1,2";
			};
			name = Release;
		};
/* End XCBuildConfiguration section */

/* Begin XCConfigurationList section */
		483193B42304E7CA00603DA9 /* Build configuration list for PBXProject "NexSeedChat" */ = {
			isa = XCConfigurationList;
			buildConfigurations = (
				483193C92304E7CB00603DA9 /* Debug */,
				483193CA2304E7CB00603DA9 /* Release */,
			);
			defaultConfigurationIsVisible = 0;
			defaultConfigurationName = Release;
		};
		483193CB2304E7CB00603DA9 /* Build configuration list for PBXNativeTarget "NexSeedChat" */ = {
			isa = XCConfigurationList;
			buildConfigurations = (
				483193CC2304E7CB00603DA9 /* Debug */,
				483193CD2304E7CB00603DA9 /* Release */,
			);
			defaultConfigurationIsVisible = 0;
			defaultConfigurationName = Release;
		};
/* End XCConfigurationList section */
	};
	rootObject = 483193B12304E7CA00603DA9 /* Project object */;
}
